// !$*UTF8*$!
{
	archiveVersion = 1;
	classes = {
	};
	objectVersion = 77;
	objects = {

/* Begin PBXContainerItemProxy section */
		915052112CB7CFCD0046E106 /* PBXContainerItemProxy */ = {
			isa = PBXContainerItemProxy;
			containerPortal = 915051F72CB7CFCC0046E106 /* Project object */;
			proxyType = 1;
			remoteGlobalIDString = 915051FE2CB7CFCC0046E106;
			remoteInfo = JinGuBang;
		};
		9150521B2CB7CFCD0046E106 /* PBXContainerItemProxy */ = {
			isa = PBXContainerItemProxy;
			containerPortal = 915051F72CB7CFCC0046E106 /* Project object */;
			proxyType = 1;
			remoteGlobalIDString = 915051FE2CB7CFCC0046E106;
			remoteInfo = JinGuBang;
		};
/* End PBXContainerItemProxy section */

/* Begin PBXFileReference section */
		915051FF2CB7CFCC0046E106 /* JinGuBang.app */ = {isa = PBXFileReference; explicitFileType = wrapper.application; includeInIndex = 0; path = JinGuBang.app; sourceTree = BUILT_PRODUCTS_DIR; };
		915052102CB7CFCD0046E106 /* JinGuBangTests.xctest */ = {isa = PBXFileReference; explicitFileType = wrapper.cfbundle; includeInIndex = 0; path = JinGuBangTests.xctest; sourceTree = BUILT_PRODUCTS_DIR; };
		9150521A2CB7CFCD0046E106 /* JinGuBangUITests.xctest */ = {isa = PBXFileReference; explicitFileType = wrapper.cfbundle; includeInIndex = 0; path = JinGuBangUITests.xctest; sourceTree = BUILT_PRODUCTS_DIR; };
/* End PBXFileReference section */

/* Begin PBXFileSystemSynchronizedBuildFileExceptionSet section */
		9150524B2CB7E5EB0046E106 /* Exceptions for "JinGuBang" folder in "JinGuBang" target */ = {
			isa = PBXFileSystemSynchronizedBuildFileExceptionSet;
			membershipExceptions = (
				Info.plist,
			);
			target = 915051FE2CB7CFCC0046E106 /* JinGuBang */;
		};
/* End PBXFileSystemSynchronizedBuildFileExceptionSet section */

/* Begin PBXFileSystemSynchronizedRootGroup section */
		915052012CB7CFCC0046E106 /* JinGuBang */ = {
			isa = PBXFileSystemSynchronizedRootGroup;
			exceptions = (
				9150524B2CB7E5EB0046E106 /* Exceptions for "JinGuBang" folder in "JinGuBang" target */,
			);
			path = JinGuBang;
			sourceTree = "<group>";
		};
		915052132CB7CFCD0046E106 /* JinGuBangTests */ = {
			isa = PBXFileSystemSynchronizedRootGroup;
			path = JinGuBangTests;
			sourceTree = "<group>";
		};
		9150521D2CB7CFCD0046E106 /* JinGuBangUITests */ = {
			isa = PBXFileSystemSynchronizedRootGroup;
			path = JinGuBangUITests;
			sourceTree = "<group>";
		};
/* End PBXFileSystemSynchronizedRootGroup section */

/* Begin PBXFrameworksBuildPhase section */
		915051FC2CB7CFCC0046E106 /* Frameworks */ = {
			isa = PBXFrameworksBuildPhase;
			buildActionMask = 2147483647;
			files = (
			);
			runOnlyForDeploymentPostprocessing = 0;
		};
		9150520D2CB7CFCD0046E106 /* Frameworks */ = {
			isa = PBXFrameworksBuildPhase;
			buildActionMask = 2147483647;
			files = (
			);
			runOnlyForDeploymentPostprocessing = 0;
		};
		915052172CB7CFCD0046E106 /* Frameworks */ = {
			isa = PBXFrameworksBuildPhase;
			buildActionMask = 2147483647;
			files = (
			);
			runOnlyForDeploymentPostprocessing = 0;
		};
/* End PBXFrameworksBuildPhase section */

/* Begin PBXGroup section */
		915051F62CB7CFCC0046E106 = {
			isa = PBXGroup;
			children = (
				915052012CB7CFCC0046E106 /* JinGuBang */,
				915052132CB7CFCD0046E106 /* JinGuBangTests */,
				9150521D2CB7CFCD0046E106 /* JinGuBangUITests */,
				915052002CB7CFCC0046E106 /* Products */,
			);
			sourceTree = "<group>";
		};
		915052002CB7CFCC0046E106 /* Products */ = {
			isa = PBXGroup;
			children = (
				915051FF2CB7CFCC0046E106 /* JinGuBang.app */,
				915052102CB7CFCD0046E106 /* JinGuBangTests.xctest */,
				9150521A2CB7CFCD0046E106 /* JinGuBangUITests.xctest */,
			);
			name = Products;
			sourceTree = "<group>";
		};
/* End PBXGroup section */

/* Begin PBXNativeTarget section */
		915051FE2CB7CFCC0046E106 /* JinGuBang */ = {
			isa = PBXNativeTarget;
			buildConfigurationList = 915052242CB7CFCD0046E106 /* Build configuration list for PBXNativeTarget "JinGuBang" */;
			buildPhases = (
				915051FB2CB7CFCC0046E106 /* Sources */,
				915051FC2CB7CFCC0046E106 /* Frameworks */,
				915051FD2CB7CFCC0046E106 /* Resources */,
			);
			buildRules = (
			);
			dependencies = (
			);
			fileSystemSynchronizedGroups = (
				915052012CB7CFCC0046E106 /* JinGuBang */,
			);
			name = JinGuBang;
			packageProductDependencies = (
			);
			productName = JinGuBang;
			productReference = 915051FF2CB7CFCC0046E106 /* JinGuBang.app */;
			productType = "com.apple.product-type.application";
		};
		9150520F2CB7CFCD0046E106 /* JinGuBangTests */ = {
			isa = PBXNativeTarget;
			buildConfigurationList = 915052272CB7CFCD0046E106 /* Build configuration list for PBXNativeTarget "JinGuBangTests" */;
			buildPhases = (
				9150520C2CB7CFCD0046E106 /* Sources */,
				9150520D2CB7CFCD0046E106 /* Frameworks */,
				9150520E2CB7CFCD0046E106 /* Resources */,
			);
			buildRules = (
			);
			dependencies = (
				915052122CB7CFCD0046E106 /* PBXTargetDependency */,
			);
			fileSystemSynchronizedGroups = (
				915052132CB7CFCD0046E106 /* JinGuBangTests */,
			);
			name = JinGuBangTests;
			packageProductDependencies = (
			);
			productName = JinGuBangTests;
			productReference = 915052102CB7CFCD0046E106 /* JinGuBangTests.xctest */;
			productType = "com.apple.product-type.bundle.unit-test";
		};
		915052192CB7CFCD0046E106 /* JinGuBangUITests */ = {
			isa = PBXNativeTarget;
			buildConfigurationList = 9150522A2CB7CFCD0046E106 /* Build configuration list for PBXNativeTarget "JinGuBangUITests" */;
			buildPhases = (
				915052162CB7CFCD0046E106 /* Sources */,
				915052172CB7CFCD0046E106 /* Frameworks */,
				915052182CB7CFCD0046E106 /* Resources */,
			);
			buildRules = (
			);
			dependencies = (
				9150521C2CB7CFCD0046E106 /* PBXTargetDependency */,
			);
			fileSystemSynchronizedGroups = (
				9150521D2CB7CFCD0046E106 /* JinGuBangUITests */,
			);
			name = JinGuBangUITests;
			packageProductDependencies = (
			);
			productName = JinGuBangUITests;
			productReference = 9150521A2CB7CFCD0046E106 /* JinGuBangUITests.xctest */;
			productType = "com.apple.product-type.bundle.ui-testing";
		};
/* End PBXNativeTarget section */

/* Begin PBXProject section */
		915051F72CB7CFCC0046E106 /* Project object */ = {
			isa = PBXProject;
			attributes = {
				BuildIndependentTargetsInParallel = 1;
				LastSwiftUpdateCheck = 1600;
				LastUpgradeCheck = 1600;
				TargetAttributes = {
					915051FE2CB7CFCC0046E106 = {
						CreatedOnToolsVersion = 16.0;
					};
					9150520F2CB7CFCD0046E106 = {
						CreatedOnToolsVersion = 16.0;
						TestTargetID = 915051FE2CB7CFCC0046E106;
					};
					915052192CB7CFCD0046E106 = {
						CreatedOnToolsVersion = 16.0;
						TestTargetID = 915051FE2CB7CFCC0046E106;
					};
				};
			};
			buildConfigurationList = 915051FA2CB7CFCC0046E106 /* Build configuration list for PBXProject "JinGuBang" */;
			developmentRegion = en;
			hasScannedForEncodings = 0;
			knownRegions = (
				en,
				Base,
			);
			mainGroup = 915051F62CB7CFCC0046E106;
			minimizedProjectReferenceProxies = 1;
			preferredProjectObjectVersion = 77;
			productRefGroup = 915052002CB7CFCC0046E106 /* Products */;
			projectDirPath = "";
			projectRoot = "";
			targets = (
				915051FE2CB7CFCC0046E106 /* JinGuBang */,
				9150520F2CB7CFCD0046E106 /* JinGuBangTests */,
				915052192CB7CFCD0046E106 /* JinGuBangUITests */,
			);
		};
/* End PBXProject section */

/* Begin PBXResourcesBuildPhase section */
		915051FD2CB7CFCC0046E106 /* Resources */ = {
			isa = PBXResourcesBuildPhase;
			buildActionMask = 2147483647;
			files = (
			);
			runOnlyForDeploymentPostprocessing = 0;
		};
		9150520E2CB7CFCD0046E106 /* Resources */ = {
			isa = PBXResourcesBuildPhase;
			buildActionMask = 2147483647;
			files = (
			);
			runOnlyForDeploymentPostprocessing = 0;
		};
		915052182CB7CFCD0046E106 /* Resources */ = {
			isa = PBXResourcesBuildPhase;
			buildActionMask = 2147483647;
			files = (
			);
			runOnlyForDeploymentPostprocessing = 0;
		};
/* End PBXResourcesBuildPhase section */

/* Begin PBXSourcesBuildPhase section */
		915051FB2CB7CFCC0046E106 /* Sources */ = {
			isa = PBXSourcesBuildPhase;
			buildActionMask = 2147483647;
			files = (
			);
			runOnlyForDeploymentPostprocessing = 0;
		};
		9150520C2CB7CFCD0046E106 /* Sources */ = {
			isa = PBXSourcesBuildPhase;
			buildActionMask = 2147483647;
			files = (
			);
			runOnlyForDeploymentPostprocessing = 0;
		};
		915052162CB7CFCD0046E106 /* Sources */ = {
			isa = PBXSourcesBuildPhase;
			buildActionMask = 2147483647;
			files = (
			);
			runOnlyForDeploymentPostprocessing = 0;
		};
/* End PBXSourcesBuildPhase section */

/* Begin PBXTargetDependency section */
		915052122CB7CFCD0046E106 /* PBXTargetDependency */ = {
			isa = PBXTargetDependency;
			target = 915051FE2CB7CFCC0046E106 /* JinGuBang */;
			targetProxy = 915052112CB7CFCD0046E106 /* PBXContainerItemProxy */;
		};
		9150521C2CB7CFCD0046E106 /* PBXTargetDependency */ = {
			isa = PBXTargetDependency;
			target = 915051FE2CB7CFCC0046E106 /* JinGuBang */;
			targetProxy = 9150521B2CB7CFCD0046E106 /* PBXContainerItemProxy */;
		};
/* End PBXTargetDependency section */

/* Begin XCBuildConfiguration section */
		915052222CB7CFCD0046E106 /* Debug */ = {
			isa = XCBuildConfiguration;
			buildSettings = {
				ALWAYS_SEARCH_USER_PATHS = NO;
				ASSETCATALOG_COMPILER_GENERATE_SWIFT_ASSET_SYMBOL_EXTENSIONS = YES;
				CLANG_ANALYZER_NONNULL = YES;
				CLANG_ANALYZER_NUMBER_OBJECT_CONVERSION = YES_AGGRESSIVE;
				CLANG_CXX_LANGUAGE_STANDARD = "gnu++20";
				CLANG_ENABLE_MODULES = YES;
				CLANG_ENABLE_OBJC_ARC = YES;
				CLANG_ENABLE_OBJC_WEAK = YES;
				CLANG_WARN_BLOCK_CAPTURE_AUTORELEASING = YES;
				CLANG_WARN_BOOL_CONVERSION = YES;
				CLANG_WARN_COMMA = YES;
				CLANG_WARN_CONSTANT_CONVERSION = YES;
				CLANG_WARN_DEPRECATED_OBJC_IMPLEMENTATIONS = YES;
				CLANG_WARN_DIRECT_OBJC_ISA_USAGE = YES_ERROR;
				CLANG_WARN_DOCUMENTATION_COMMENTS = YES;
				CLANG_WARN_EMPTY_BODY = YES;
				CLANG_WARN_ENUM_CONVERSION = YES;
				CLANG_WARN_INFINITE_RECURSION = YES;
				CLANG_WARN_INT_CONVERSION = YES;
				CLANG_WARN_NON_LITERAL_NULL_CONVERSION = YES;
				CLANG_WARN_OBJC_IMPLICIT_RETAIN_SELF = YES;
				CLANG_WARN_OBJC_LITERAL_CONVERSION = YES;
				CLANG_WARN_OBJC_ROOT_CLASS = YES_ERROR;
				CLANG_WARN_QUOTED_INCLUDE_IN_FRAMEWORK_HEADER = YES;
				CLANG_WARN_RANGE_LOOP_ANALYSIS = YES;
				CLANG_WARN_STRICT_PROTOTYPES = YES;
				CLANG_WARN_SUSPICIOUS_MOVE = YES;
				CLANG_WARN_UNGUARDED_AVAILABILITY = YES_AGGRESSIVE;
				CLANG_WARN_UNREACHABLE_CODE = YES;
				CLANG_WARN__DUPLICATE_METHOD_MATCH = YES;
				COPY_PHASE_STRIP = NO;
				DEBUG_INFORMATION_FORMAT = dwarf;
				ENABLE_STRICT_OBJC_MSGSEND = YES;
				ENABLE_TESTABILITY = YES;
				ENABLE_USER_SCRIPT_SANDBOXING = YES;
				GCC_C_LANGUAGE_STANDARD = gnu17;
				GCC_DYNAMIC_NO_PIC = NO;
				GCC_NO_COMMON_BLOCKS = YES;
				GCC_OPTIMIZATION_LEVEL = 0;
				GCC_PREPROCESSOR_DEFINITIONS = (
					"DEBUG=1",
					"$(inherited)",
				);
				GCC_WARN_64_TO_32_BIT_CONVERSION = YES;
				GCC_WARN_ABOUT_RETURN_TYPE = YES_ERROR;
				GCC_WARN_UNDECLARED_SELECTOR = YES;
				GCC_WARN_UNINITIALIZED_AUTOS = YES_AGGRESSIVE;
				GCC_WARN_UNUSED_FUNCTION = YES;
				GCC_WARN_UNUSED_VARIABLE = YES;
				LOCALIZATION_PREFERS_STRING_CATALOGS = YES;
				MACOSX_DEPLOYMENT_TARGET = 15.0;
				MTL_ENABLE_DEBUG_INFO = INCLUDE_SOURCE;
				MTL_FAST_MATH = YES;
				ONLY_ACTIVE_ARCH = YES;
				SDKROOT = macosx;
				SWIFT_ACTIVE_COMPILATION_CONDITIONS = "DEBUG $(inherited)";
				SWIFT_OPTIMIZATION_LEVEL = "-Onone";
			};
			name = Debug;
		};
		915052232CB7CFCD0046E106 /* Release */ = {
			isa = XCBuildConfiguration;
			buildSettings = {
				ALWAYS_SEARCH_USER_PATHS = NO;
				ASSETCATALOG_COMPILER_GENERATE_SWIFT_ASSET_SYMBOL_EXTENSIONS = YES;
				CLANG_ANALYZER_NONNULL = YES;
				CLANG_ANALYZER_NUMBER_OBJECT_CONVERSION = YES_AGGRESSIVE;
				CLANG_CXX_LANGUAGE_STANDARD = "gnu++20";
				CLANG_ENABLE_MODULES = YES;
				CLANG_ENABLE_OBJC_ARC = YES;
				CLANG_ENABLE_OBJC_WEAK = YES;
				CLANG_WARN_BLOCK_CAPTURE_AUTORELEASING = YES;
				CLANG_WARN_BOOL_CONVERSION = YES;
				CLANG_WARN_COMMA = YES;
				CLANG_WARN_CONSTANT_CONVERSION = YES;
				CLANG_WARN_DEPRECATED_OBJC_IMPLEMENTATIONS = YES;
				CLANG_WARN_DIRECT_OBJC_ISA_USAGE = YES_ERROR;
				CLANG_WARN_DOCUMENTATION_COMMENTS = YES;
				CLANG_WARN_EMPTY_BODY = YES;
				CLANG_WARN_ENUM_CONVERSION = YES;
				CLANG_WARN_INFINITE_RECURSION = YES;
				CLANG_WARN_INT_CONVERSION = YES;
				CLANG_WARN_NON_LITERAL_NULL_CONVERSION = YES;
				CLANG_WARN_OBJC_IMPLICIT_RETAIN_SELF = YES;
				CLANG_WARN_OBJC_LITERAL_CONVERSION = YES;
				CLANG_WARN_OBJC_ROOT_CLASS = YES_ERROR;
				CLANG_WARN_QUOTED_INCLUDE_IN_FRAMEWORK_HEADER = YES;
				CLANG_WARN_RANGE_LOOP_ANALYSIS = YES;
				CLANG_WARN_STRICT_PROTOTYPES = YES;
				CLANG_WARN_SUSPICIOUS_MOVE = YES;
				CLANG_WARN_UNGUARDED_AVAILABILITY = YES_AGGRESSIVE;
				CLANG_WARN_UNREACHABLE_CODE = YES;
				CLANG_WARN__DUPLICATE_METHOD_MATCH = YES;
				COPY_PHASE_STRIP = NO;
				DEBUG_INFORMATION_FORMAT = "dwarf-with-dsym";
				ENABLE_NS_ASSERTIONS = NO;
				ENABLE_STRICT_OBJC_MSGSEND = YES;
				ENABLE_USER_SCRIPT_SANDBOXING = YES;
				GCC_C_LANGUAGE_STANDARD = gnu17;
				GCC_NO_COMMON_BLOCKS = YES;
				GCC_WARN_64_TO_32_BIT_CONVERSION = YES;
				GCC_WARN_ABOUT_RETURN_TYPE = YES_ERROR;
				GCC_WARN_UNDECLARED_SELECTOR = YES;
				GCC_WARN_UNINITIALIZED_AUTOS = YES_AGGRESSIVE;
				GCC_WARN_UNUSED_FUNCTION = YES;
				GCC_WARN_UNUSED_VARIABLE = YES;
				LOCALIZATION_PREFERS_STRING_CATALOGS = YES;
				MACOSX_DEPLOYMENT_TARGET = 15.0;
				MTL_ENABLE_DEBUG_INFO = NO;
				MTL_FAST_MATH = YES;
				SDKROOT = macosx;
				SWIFT_COMPILATION_MODE = wholemodule;
			};
			name = Release;
		};
		915052252CB7CFCD0046E106 /* Debug */ = {
			isa = XCBuildConfiguration;
			buildSettings = {
				ASSETCATALOG_COMPILER_APPICON_NAME = AppIcon;
				ASSETCATALOG_COMPILER_GLOBAL_ACCENT_COLOR_NAME = AccentColor;
				CODE_SIGN_ENTITLEMENTS = JinGuBang/JinGuBang.entitlements;
				CODE_SIGN_STYLE = Automatic;
				COMBINE_HIDPI_IMAGES = YES;
				CURRENT_PROJECT_VERSION = 1;
				DEVELOPMENT_TEAM = 5JK6Q6JDX9;
				ENABLE_HARDENED_RUNTIME = YES;
				GENERATE_INFOPLIST_FILE = YES;
				INFOPLIST_FILE = JinGuBang/Info.plist;
				INFOPLIST_KEY_NSHumanReadableCopyright = "";
				INFOPLIST_KEY_NSMainStoryboardFile = Main;
				INFOPLIST_KEY_NSPrincipalClass = NSApplication;
				LD_RUNPATH_SEARCH_PATHS = (
					"$(inherited)",
					"@executable_path/../Frameworks",
				);
				MARKETING_VERSION = 1.0;
				PRODUCT_BUNDLE_IDENTIFIER = testIos.JinGuBang;
				PRODUCT_NAME = "$(TARGET_NAME)";
				SWIFT_EMIT_LOC_STRINGS = YES;
				SWIFT_VERSION = 5.0;
			};
			name = Debug;
		};
		915052262CB7CFCD0046E106 /* Release */ = {
			isa = XCBuildConfiguration;
			buildSettings = {
				ASSETCATALOG_COMPILER_APPICON_NAME = AppIcon;
				ASSETCATALOG_COMPILER_GLOBAL_ACCENT_COLOR_NAME = AccentColor;
				CODE_SIGN_ENTITLEMENTS = JinGuBang/JinGuBang.entitlements;
				CODE_SIGN_STYLE = Automatic;
				COMBINE_HIDPI_IMAGES = YES;
				CURRENT_PROJECT_VERSION = 1;
				DEVELOPMENT_TEAM = 5JK6Q6JDX9;
				ENABLE_HARDENED_RUNTIME = YES;
				GENERATE_INFOPLIST_FILE = YES;
				INFOPLIST_FILE = JinGuBang/Info.plist;
				INFOPLIST_KEY_NSHumanReadableCopyright = "";
				INFOPLIST_KEY_NSMainStoryboardFile = Main;
				INFOPLIST_KEY_NSPrincipalClass = NSApplication;
				LD_RUNPATH_SEARCH_PATHS = (
					"$(inherited)",
					"@executable_path/../Frameworks",
				);
				MARKETING_VERSION = 1.0;
				PRODUCT_BUNDLE_IDENTIFIER = testIos.JinGuBang;
				PRODUCT_NAME = "$(TARGET_NAME)";
				SWIFT_EMIT_LOC_STRINGS = YES;
				SWIFT_VERSION = 5.0;
			};
			name = Release;
		};
		915052282CB7CFCD0046E106 /* Debug */ = {
			isa = XCBuildConfiguration;
			buildSettings = {
				BUNDLE_LOADER = "$(TEST_HOST)";
				CODE_SIGN_STYLE = Automatic;
				CURRENT_PROJECT_VERSION = 1;
				DEVELOPMENT_TEAM = 5JK6Q6JDX9;
				GENERATE_INFOPLIST_FILE = YES;
				MACOSX_DEPLOYMENT_TARGET = 15.0;
				MARKETING_VERSION = 1.0;
				PRODUCT_BUNDLE_IDENTIFIER = testIos.JinGuBangTests;
				PRODUCT_NAME = "$(TARGET_NAME)";
				SWIFT_EMIT_LOC_STRINGS = NO;
				SWIFT_VERSION = 5.0;
				TEST_HOST = "$(BUILT_PRODUCTS_DIR)/JinGuBang.app/$(BUNDLE_EXECUTABLE_FOLDER_PATH)/JinGuBang";
			};
			name = Debug;
		};
		915052292CB7CFCD0046E106 /* Release */ = {
			isa = XCBuildConfiguration;
			buildSettings = {
				BUNDLE_LOADER = "$(TEST_HOST)";
				CODE_SIGN_STYLE = Automatic;
				CURRENT_PROJECT_VERSION = 1;
				DEVELOPMENT_TEAM = 5JK6Q6JDX9;
				GENERATE_INFOPLIST_FILE = YES;
				MACOSX_DEPLOYMENT_TARGET = 15.0;
				MARKETING_VERSION = 1.0;
				PRODUCT_BUNDLE_IDENTIFIER = testIos.JinGuBangTests;
				PRODUCT_NAME = "$(TARGET_NAME)";
				SWIFT_EMIT_LOC_STRINGS = NO;
				SWIFT_VERSION = 5.0;
				TEST_HOST = "$(BUILT_PRODUCTS_DIR)/JinGuBang.app/$(BUNDLE_EXECUTABLE_FOLDER_PATH)/JinGuBang";
			};
			name = Release;
		};
		9150522B2CB7CFCD0046E106 /* Debug */ = {
			isa = XCBuildConfiguration;
			buildSettings = {
				CODE_SIGN_STYLE = Automatic;
				CURRENT_PROJECT_VERSION = 1;
				DEVELOPMENT_TEAM = 5JK6Q6JDX9;
				GENERATE_INFOPLIST_FILE = YES;
				MARKETING_VERSION = 1.0;
				PRODUCT_BUNDLE_IDENTIFIER = testIos.JinGuBangUITests;
				PRODUCT_NAME = "$(TARGET_NAME)";
				SWIFT_EMIT_LOC_STRINGS = NO;
				SWIFT_VERSION = 5.0;
				TEST_TARGET_NAME = JinGuBang;
			};
			name = Debug;
		};
		9150522C2CB7CFCD0046E106 /* Release */ = {
			isa = XCBuildConfiguration;
			buildSettings = {
				CODE_SIGN_STYLE = Automatic;
				CURRENT_PROJECT_VERSION = 1;
				DEVELOPMENT_TEAM = 5JK6Q6JDX9;
				GENERATE_INFOPLIST_FILE = YES;
				MARKETING_VERSION = 1.0;
				PRODUCT_BUNDLE_IDENTIFIER = testIos.JinGuBangUITests;
				PRODUCT_NAME = "$(TARGET_NAME)";
				SWIFT_EMIT_LOC_STRINGS = NO;
				SWIFT_VERSION = 5.0;
				TEST_TARGET_NAME = JinGuBang;
			};
			name = Release;
		};
/* End XCBuildConfiguration section */

/* Begin XCConfigurationList section */
		915051FA2CB7CFCC0046E106 /* Build configuration list for PBXProject "JinGuBang" */ = {
			isa = XCConfigurationList;
			buildConfigurations = (
				915052222CB7CFCD0046E106 /* Debug */,
				915052232CB7CFCD0046E106 /* Release */,
			);
			defaultConfigurationIsVisible = 0;
			defaultConfigurationName = Release;
		};
		915052242CB7CFCD0046E106 /* Build configuration list for PBXNativeTarget "JinGuBang" */ = {
			isa = XCConfigurationList;
			buildConfigurations = (
				915052252CB7CFCD0046E106 /* Debug */,
				915052262CB7CFCD0046E106 /* Release */,
			);
			defaultConfigurationIsVisible = 0;
			defaultConfigurationName = Release;
		};
		915052272CB7CFCD0046E106 /* Build configuration list for PBXNativeTarget "JinGuBangTests" */ = {
			isa = XCConfigurationList;
			buildConfigurations = (
				915052282CB7CFCD0046E106 /* Debug */,
				915052292CB7CFCD0046E106 /* Release */,
			);
			defaultConfigurationIsVisible = 0;
			defaultConfigurationName = Release;
		};
		9150522A2CB7CFCD0046E106 /* Build configuration list for PBXNativeTarget "JinGuBangUITests" */ = {
			isa = XCConfigurationList;
			buildConfigurations = (
				9150522B2CB7CFCD0046E106 /* Debug */,
				9150522C2CB7CFCD0046E106 /* Release */,
			);
			defaultConfigurationIsVisible = 0;
			defaultConfigurationName = Release;
		};
/* End XCConfigurationList section */
	};
	rootObject = 915051F72CB7CFCC0046E106 /* Project object */;
}
